// !$*UTF8*$!
{
	archiveVersion = 1;
	classes = {
	};
	objectVersion = 46;
	objects = {

/* Begin PBXBuildFile section */
		CC0CBE3C1A7F52CF00E7236D /* SeasonViewController.m in Sources */ = {isa = PBXBuildFile; fileRef = CC0CBE3B1A7F52CF00E7236D /* SeasonViewController.m */; };
		CC0CBE3F1A7F589A00E7236D /* EpisodeTableViewCell.m in Sources */ = {isa = PBXBuildFile; fileRef = CC0CBE3E1A7F589A00E7236D /* EpisodeTableViewCell.m */; };
		CC35C9F21A7322D100627EA3 /* Foundation.framework in Frameworks */ = {isa = PBXBuildFile; fileRef = CC35C9F11A7322D100627EA3 /* Foundation.framework */; };
		CC35C9F41A7322D100627EA3 /* CoreGraphics.framework in Frameworks */ = {isa = PBXBuildFile; fileRef = CC35C9F31A7322D100627EA3 /* CoreGraphics.framework */; };
		CC35C9F61A7322D100627EA3 /* UIKit.framework in Frameworks */ = {isa = PBXBuildFile; fileRef = CC35C9F51A7322D100627EA3 /* UIKit.framework */; };
		CC35C9FC1A7322D100627EA3 /* InfoPlist.strings in Resources */ = {isa = PBXBuildFile; fileRef = CC35C9FA1A7322D100627EA3 /* InfoPlist.strings */; };
		CC35C9FE1A7322D100627EA3 /* main.m in Sources */ = {isa = PBXBuildFile; fileRef = CC35C9FD1A7322D100627EA3 /* main.m */; };
		CC35CA021A7322D100627EA3 /* AppDelegate.m in Sources */ = {isa = PBXBuildFile; fileRef = CC35CA011A7322D100627EA3 /* AppDelegate.m */; };
		CC35CA051A7322D100627EA3 /* Main_iPhone.storyboard in Resources */ = {isa = PBXBuildFile; fileRef = CC35CA031A7322D100627EA3 /* Main_iPhone.storyboard */; };
		CC35CA081A7322D100627EA3 /* Main_iPad.storyboard in Resources */ = {isa = PBXBuildFile; fileRef = CC35CA061A7322D100627EA3 /* Main_iPad.storyboard */; };
		CC35CA0D1A7322D100627EA3 /* Images.xcassets in Resources */ = {isa = PBXBuildFile; fileRef = CC35CA0C1A7322D100627EA3 /* Images.xcassets */; };
		CC35CA141A7322D100627EA3 /* XCTest.framework in Frameworks */ = {isa = PBXBuildFile; fileRef = CC35CA131A7322D100627EA3 /* XCTest.framework */; };
		CC35CA151A7322D100627EA3 /* Foundation.framework in Frameworks */ = {isa = PBXBuildFile; fileRef = CC35C9F11A7322D100627EA3 /* Foundation.framework */; };
		CC35CA161A7322D100627EA3 /* UIKit.framework in Frameworks */ = {isa = PBXBuildFile; fileRef = CC35C9F51A7322D100627EA3 /* UIKit.framework */; };
		CC35CA1E1A7322D100627EA3 /* InfoPlist.strings in Resources */ = {isa = PBXBuildFile; fileRef = CC35CA1C1A7322D100627EA3 /* InfoPlist.strings */; };
		CC35CA201A7322D100627EA3 /* EpisodeCalendarTests.m in Sources */ = {isa = PBXBuildFile; fileRef = CC35CA1F1A7322D100627EA3 /* EpisodeCalendarTests.m */; };
		CC63AE1F1A7785A000F9B1AD /* EpisodeCalendarViewController.m in Sources */ = {isa = PBXBuildFile; fileRef = CC63AE1E1A7785A000F9B1AD /* EpisodeCalendarViewController.m */; };
		CC63AE231A7787EC00F9B1AD /* leftArrow.png in Resources */ = {isa = PBXBuildFile; fileRef = CC63AE221A7787EC00F9B1AD /* leftArrow.png */; };
		CC63AE251A7787F600F9B1AD /* rightArrow.png in Resources */ = {isa = PBXBuildFile; fileRef = CC63AE241A7787F600F9B1AD /* rightArrow.png */; };
		CC77C8521A79760600FF5575 /* CalendarDayCell.m in Sources */ = {isa = PBXBuildFile; fileRef = CC77C8511A79760600FF5575 /* CalendarDayCell.m */; };
		CC81F09F1A7EC68D006DCA92 /* EpisodeViewController.m in Sources */ = {isa = PBXBuildFile; fileRef = CC81F09E1A7EC68D006DCA92 /* EpisodeViewController.m */; };
		CC81F0A51A7EC739006DCA92 /* EpisodeDateUtility.m in Sources */ = {isa = PBXBuildFile; fileRef = CC81F0A41A7EC739006DCA92 /* EpisodeDateUtility.m */; };
		CC81F0AF1A7EDB2B006DCA92 /* EpisodeManager.m in Sources */ = {isa = PBXBuildFile; fileRef = CC81F0AE1A7EDB2B006DCA92 /* EpisodeManager.m */; };
		CCAFF5DC1A7585C70093936D /* EpisodeListViewController.m in Sources */ = {isa = PBXBuildFile; fileRef = CCAFF5DB1A7585C70093936D /* EpisodeListViewController.m */; };
		CCC486271A74312800C6CEC2 /* Episode.m in Sources */ = {isa = PBXBuildFile; fileRef = CCC486261A74312800C6CEC2 /* Episode.m */; };
/* End PBXBuildFile section */

/* Begin PBXContainerItemProxy section */
		CC35CA171A7322D100627EA3 /* PBXContainerItemProxy */ = {
			isa = PBXContainerItemProxy;
			containerPortal = CC35C9E61A7322D100627EA3 /* Project object */;
			proxyType = 1;
			remoteGlobalIDString = CC35C9ED1A7322D100627EA3;
			remoteInfo = EpisodeCalendar;
		};
/* End PBXContainerItemProxy section */

/* Begin PBXFileReference section */
		CC0CBE3A1A7F52CF00E7236D /* SeasonViewController.h */ = {isa = PBXFileReference; fileEncoding = 4; lastKnownFileType = sourcecode.c.h; path = SeasonViewController.h; sourceTree = "<group>"; };
		CC0CBE3B1A7F52CF00E7236D /* SeasonViewController.m */ = {isa = PBXFileReference; fileEncoding = 4; lastKnownFileType = sourcecode.c.objc; path = SeasonViewController.m; sourceTree = "<group>"; };
		CC0CBE3D1A7F589A00E7236D /* EpisodeTableViewCell.h */ = {isa = PBXFileReference; fileEncoding = 4; lastKnownFileType = sourcecode.c.h; path = EpisodeTableViewCell.h; sourceTree = "<group>"; };
		CC0CBE3E1A7F589A00E7236D /* EpisodeTableViewCell.m */ = {isa = PBXFileReference; fileEncoding = 4; lastKnownFileType = sourcecode.c.objc; path = EpisodeTableViewCell.m; sourceTree = "<group>"; };
		CC35C9EE1A7322D100627EA3 /* EpisodeCalendar.app */ = {isa = PBXFileReference; explicitFileType = wrapper.application; includeInIndex = 0; path = EpisodeCalendar.app; sourceTree = BUILT_PRODUCTS_DIR; };
		CC35C9F11A7322D100627EA3 /* Foundation.framework */ = {isa = PBXFileReference; lastKnownFileType = wrapper.framework; name = Foundation.framework; path = System/Library/Frameworks/Foundation.framework; sourceTree = SDKROOT; };
		CC35C9F31A7322D100627EA3 /* CoreGraphics.framework */ = {isa = PBXFileReference; lastKnownFileType = wrapper.framework; name = CoreGraphics.framework; path = System/Library/Frameworks/CoreGraphics.framework; sourceTree = SDKROOT; };
		CC35C9F51A7322D100627EA3 /* UIKit.framework */ = {isa = PBXFileReference; lastKnownFileType = wrapper.framework; name = UIKit.framework; path = System/Library/Frameworks/UIKit.framework; sourceTree = SDKROOT; };
		CC35C9F91A7322D100627EA3 /* EpisodeCalendar-Info.plist */ = {isa = PBXFileReference; lastKnownFileType = text.plist.xml; path = "EpisodeCalendar-Info.plist"; sourceTree = "<group>"; };
		CC35C9FB1A7322D100627EA3 /* en */ = {isa = PBXFileReference; lastKnownFileType = text.plist.strings; name = en; path = en.lproj/InfoPlist.strings; sourceTree = "<group>"; };
		CC35C9FD1A7322D100627EA3 /* main.m */ = {isa = PBXFileReference; lastKnownFileType = sourcecode.c.objc; path = main.m; sourceTree = "<group>"; };
		CC35C9FF1A7322D100627EA3 /* EpisodeCalendar-Prefix.pch */ = {isa = PBXFileReference; lastKnownFileType = sourcecode.c.h; path = "EpisodeCalendar-Prefix.pch"; sourceTree = "<group>"; };
		CC35CA001A7322D100627EA3 /* AppDelegate.h */ = {isa = PBXFileReference; lastKnownFileType = sourcecode.c.h; path = AppDelegate.h; sourceTree = "<group>"; };
		CC35CA011A7322D100627EA3 /* AppDelegate.m */ = {isa = PBXFileReference; lastKnownFileType = sourcecode.c.objc; path = AppDelegate.m; sourceTree = "<group>"; };
		CC35CA041A7322D100627EA3 /* Base */ = {isa = PBXFileReference; lastKnownFileType = file.storyboard; name = Base; path = Base.lproj/Main_iPhone.storyboard; sourceTree = "<group>"; };
		CC35CA071A7322D100627EA3 /* Base */ = {isa = PBXFileReference; lastKnownFileType = file.storyboard; name = Base; path = Base.lproj/Main_iPad.storyboard; sourceTree = "<group>"; };
		CC35CA0C1A7322D100627EA3 /* Images.xcassets */ = {isa = PBXFileReference; lastKnownFileType = folder.assetcatalog; path = Images.xcassets; sourceTree = "<group>"; };
		CC35CA121A7322D100627EA3 /* EpisodeCalendarTests.xctest */ = {isa = PBXFileReference; explicitFileType = wrapper.cfbundle; includeInIndex = 0; path = EpisodeCalendarTests.xctest; sourceTree = BUILT_PRODUCTS_DIR; };
		CC35CA131A7322D100627EA3 /* XCTest.framework */ = {isa = PBXFileReference; lastKnownFileType = wrapper.framework; name = XCTest.framework; path = Library/Frameworks/XCTest.framework; sourceTree = DEVELOPER_DIR; };
		CC35CA1B1A7322D100627EA3 /* EpisodeCalendarTests-Info.plist */ = {isa = PBXFileReference; lastKnownFileType = text.plist.xml; path = "EpisodeCalendarTests-Info.plist"; sourceTree = "<group>"; };
		CC35CA1D1A7322D100627EA3 /* en */ = {isa = PBXFileReference; lastKnownFileType = text.plist.strings; name = en; path = en.lproj/InfoPlist.strings; sourceTree = "<group>"; };
		CC35CA1F1A7322D100627EA3 /* EpisodeCalendarTests.m */ = {isa = PBXFileReference; lastKnownFileType = sourcecode.c.objc; path = EpisodeCalendarTests.m; sourceTree = "<group>"; };
		CC63AE1D1A7785A000F9B1AD /* EpisodeCalendarViewController.h */ = {isa = PBXFileReference; fileEncoding = 4; lastKnownFileType = sourcecode.c.h; path = EpisodeCalendarViewController.h; sourceTree = "<group>"; };
		CC63AE1E1A7785A000F9B1AD /* EpisodeCalendarViewController.m */ = {isa = PBXFileReference; fileEncoding = 4; lastKnownFileType = sourcecode.c.objc; path = EpisodeCalendarViewController.m; sourceTree = "<group>"; };
		CC63AE221A7787EC00F9B1AD /* leftArrow.png */ = {isa = PBXFileReference; lastKnownFileType = image.png; path = leftArrow.png; sourceTree = "<group>"; };
		CC63AE241A7787F600F9B1AD /* rightArrow.png */ = {isa = PBXFileReference; lastKnownFileType = image.png; path = rightArrow.png; sourceTree = "<group>"; };
		CC77C8501A79760600FF5575 /* CalendarDayCell.h */ = {isa = PBXFileReference; fileEncoding = 4; lastKnownFileType = sourcecode.c.h; path = CalendarDayCell.h; sourceTree = "<group>"; };
		CC77C8511A79760600FF5575 /* CalendarDayCell.m */ = {isa = PBXFileReference; fileEncoding = 4; lastKnownFileType = sourcecode.c.objc; path = CalendarDayCell.m; sourceTree = "<group>"; };
		CC81F09D1A7EC68D006DCA92 /* EpisodeViewController.h */ = {isa = PBXFileReference; fileEncoding = 4; lastKnownFileType = sourcecode.c.h; path = EpisodeViewController.h; sourceTree = "<group>"; };
		CC81F09E1A7EC68D006DCA92 /* EpisodeViewController.m */ = {isa = PBXFileReference; fileEncoding = 4; lastKnownFileType = sourcecode.c.objc; path = EpisodeViewController.m; sourceTree = "<group>"; };
		CC81F0A31A7EC739006DCA92 /* EpisodeDateUtility.h */ = {isa = PBXFileReference; fileEncoding = 4; lastKnownFileType = sourcecode.c.h; name = EpisodeDateUtility.h; path = ../EpisodeDateUtility.h; sourceTree = "<group>"; };
		CC81F0A41A7EC739006DCA92 /* EpisodeDateUtility.m */ = {isa = PBXFileReference; fileEncoding = 4; lastKnownFileType = sourcecode.c.objc; name = EpisodeDateUtility.m; path = ../EpisodeDateUtility.m; sourceTree = "<group>"; };
		CC81F0AD1A7EDB2B006DCA92 /* EpisodeManager.h */ = {isa = PBXFileReference; fileEncoding = 4; lastKnownFileType = sourcecode.c.h; name = EpisodeManager.h; path = ../EpisodeManager.h; sourceTree = "<group>"; };
		CC81F0AE1A7EDB2B006DCA92 /* EpisodeManager.m */ = {isa = PBXFileReference; fileEncoding = 4; lastKnownFileType = sourcecode.c.objc; name = EpisodeManager.m; path = ../EpisodeManager.m; sourceTree = "<group>"; };
		CCAFF5DA1A7585C70093936D /* EpisodeListViewController.h */ = {isa = PBXFileReference; fileEncoding = 4; lastKnownFileType = sourcecode.c.h; path = EpisodeListViewController.h; sourceTree = "<group>"; };
		CCAFF5DB1A7585C70093936D /* EpisodeListViewController.m */ = {isa = PBXFileReference; fileEncoding = 4; lastKnownFileType = sourcecode.c.objc; path = EpisodeListViewController.m; sourceTree = "<group>"; };
		CCC486251A74312800C6CEC2 /* Episode.h */ = {isa = PBXFileReference; fileEncoding = 4; lastKnownFileType = sourcecode.c.h; path = Episode.h; sourceTree = "<group>"; };
		CCC486261A74312800C6CEC2 /* Episode.m */ = {isa = PBXFileReference; fileEncoding = 4; lastKnownFileType = sourcecode.c.objc; path = Episode.m; sourceTree = "<group>"; };
/* End PBXFileReference section */

/* Begin PBXFrameworksBuildPhase section */
		CC35C9EB1A7322D100627EA3 /* Frameworks */ = {
			isa = PBXFrameworksBuildPhase;
			buildActionMask = 2147483647;
			files = (
				CC35C9F41A7322D100627EA3 /* CoreGraphics.framework in Frameworks */,
				CC35C9F61A7322D100627EA3 /* UIKit.framework in Frameworks */,
				CC35C9F21A7322D100627EA3 /* Foundation.framework in Frameworks */,
			);
			runOnlyForDeploymentPostprocessing = 0;
		};
		CC35CA0F1A7322D100627EA3 /* Frameworks */ = {
			isa = PBXFrameworksBuildPhase;
			buildActionMask = 2147483647;
			files = (
				CC35CA141A7322D100627EA3 /* XCTest.framework in Frameworks */,
				CC35CA161A7322D100627EA3 /* UIKit.framework in Frameworks */,
				CC35CA151A7322D100627EA3 /* Foundation.framework in Frameworks */,
			);
			runOnlyForDeploymentPostprocessing = 0;
		};
/* End PBXFrameworksBuildPhase section */

/* Begin PBXGroup section */
		CC35C9E51A7322D100627EA3 = {
			isa = PBXGroup;
			children = (
				CC35C9F71A7322D100627EA3 /* EpisodeCalendar */,
				CC35CA191A7322D100627EA3 /* EpisodeCalendarTests */,
				CC35C9F01A7322D100627EA3 /* Frameworks */,
				CC35C9EF1A7322D100627EA3 /* Products */,
			);
			sourceTree = "<group>";
		};
		CC35C9EF1A7322D100627EA3 /* Products */ = {
			isa = PBXGroup;
			children = (
				CC35C9EE1A7322D100627EA3 /* EpisodeCalendar.app */,
				CC35CA121A7322D100627EA3 /* EpisodeCalendarTests.xctest */,
			);
			name = Products;
			sourceTree = "<group>";
		};
		CC35C9F01A7322D100627EA3 /* Frameworks */ = {
			isa = PBXGroup;
			children = (
				CC35C9F11A7322D100627EA3 /* Foundation.framework */,
				CC35C9F31A7322D100627EA3 /* CoreGraphics.framework */,
				CC35C9F51A7322D100627EA3 /* UIKit.framework */,
				CC35CA131A7322D100627EA3 /* XCTest.framework */,
			);
			name = Frameworks;
			sourceTree = "<group>";
		};
		CC35C9F71A7322D100627EA3 /* EpisodeCalendar */ = {
			isa = PBXGroup;
			children = (
				CC81F0A41A7EC739006DCA92 /* EpisodeDateUtility.m */,
				CC81F0A31A7EC739006DCA92 /* EpisodeDateUtility.h */,
				CC63AE261A7787FD00F9B1AD /* images */,
				CC63AE211A7785B800F9B1AD /* Episode Calendar (ipad) */,
				CC63AE201A7785A800F9B1AD /* Episode List (phone) */,
				CC81F09C1A7EC641006DCA92 /* Model */,
				CC35CA001A7322D100627EA3 /* AppDelegate.h */,
				CC81F09D1A7EC68D006DCA92 /* EpisodeViewController.h */,
				CC81F09E1A7EC68D006DCA92 /* EpisodeViewController.m */,
				CC35CA011A7322D100627EA3 /* AppDelegate.m */,
				CC35CA031A7322D100627EA3 /* Main_iPhone.storyboard */,
				CC0CBE3D1A7F589A00E7236D /* EpisodeTableViewCell.h */,
				CC0CBE3E1A7F589A00E7236D /* EpisodeTableViewCell.m */,
				CC0CBE3A1A7F52CF00E7236D /* SeasonViewController.h */,
				CC0CBE3B1A7F52CF00E7236D /* SeasonViewController.m */,
				CC35CA061A7322D100627EA3 /* Main_iPad.storyboard */,
				CC35CA0C1A7322D100627EA3 /* Images.xcassets */,
				CC35C9F81A7322D100627EA3 /* Supporting Files */,
			);
			path = EpisodeCalendar;
			sourceTree = "<group>";
		};
		CC35C9F81A7322D100627EA3 /* Supporting Files */ = {
			isa = PBXGroup;
			children = (
				CC35C9F91A7322D100627EA3 /* EpisodeCalendar-Info.plist */,
				CC35C9FA1A7322D100627EA3 /* InfoPlist.strings */,
				CC35C9FD1A7322D100627EA3 /* main.m */,
				CC35C9FF1A7322D100627EA3 /* EpisodeCalendar-Prefix.pch */,
			);
			name = "Supporting Files";
			sourceTree = "<group>";
		};
		CC35CA191A7322D100627EA3 /* EpisodeCalendarTests */ = {
			isa = PBXGroup;
			children = (
				CC35CA1F1A7322D100627EA3 /* EpisodeCalendarTests.m */,
				CC35CA1A1A7322D100627EA3 /* Supporting Files */,
			);
			path = EpisodeCalendarTests;
			sourceTree = "<group>";
		};
		CC35CA1A1A7322D100627EA3 /* Supporting Files */ = {
			isa = PBXGroup;
			children = (
				CC35CA1B1A7322D100627EA3 /* EpisodeCalendarTests-Info.plist */,
				CC35CA1C1A7322D100627EA3 /* InfoPlist.strings */,
			);
			name = "Supporting Files";
			sourceTree = "<group>";
		};
		CC63AE201A7785A800F9B1AD /* Episode List (phone) */ = {
			isa = PBXGroup;
			children = (
				CCAFF5DA1A7585C70093936D /* EpisodeListViewController.h */,
				CCAFF5DB1A7585C70093936D /* EpisodeListViewController.m */,
			);
			name = "Episode List (phone)";
			sourceTree = "<group>";
		};
		CC63AE211A7785B800F9B1AD /* Episode Calendar (ipad) */ = {
			isa = PBXGroup;
			children = (
				CC77C8501A79760600FF5575 /* CalendarDayCell.h */,
				CC77C8511A79760600FF5575 /* CalendarDayCell.m */,
				CC63AE1D1A7785A000F9B1AD /* EpisodeCalendarViewController.h */,
				CC63AE1E1A7785A000F9B1AD /* EpisodeCalendarViewController.m */,
			);
			name = "Episode Calendar (ipad)";
			sourceTree = "<group>";
		};
		CC63AE261A7787FD00F9B1AD /* images */ = {
			isa = PBXGroup;
			children = (
				CC63AE221A7787EC00F9B1AD /* leftArrow.png */,
				CC63AE241A7787F600F9B1AD /* rightArrow.png */,
			);
			name = images;
			sourceTree = "<group>";
		};
		CC81F09C1A7EC641006DCA92 /* Model */ = {
			isa = PBXGroup;
			children = (
				CC81F0AD1A7EDB2B006DCA92 /* EpisodeManager.h */,
				CC81F0AE1A7EDB2B006DCA92 /* EpisodeManager.m */,
				CCC486251A74312800C6CEC2 /* Episode.h */,
				CCC486261A74312800C6CEC2 /* Episode.m */,
			);
			name = Model;
			sourceTree = "<group>";
		};
/* End PBXGroup section */

/* Begin PBXNativeTarget section */
		CC35C9ED1A7322D100627EA3 /* EpisodeCalendar */ = {
			isa = PBXNativeTarget;
			buildConfigurationList = CC35CA231A7322D100627EA3 /* Build configuration list for PBXNativeTarget "EpisodeCalendar" */;
			buildPhases = (
				CC35C9EA1A7322D100627EA3 /* Sources */,
				CC35C9EB1A7322D100627EA3 /* Frameworks */,
				CC35C9EC1A7322D100627EA3 /* Resources */,
			);
			buildRules = (
			);
			dependencies = (
			);
			name = EpisodeCalendar;
			productName = EpisodeCalendar;
			productReference = CC35C9EE1A7322D100627EA3 /* EpisodeCalendar.app */;
			productType = "com.apple.product-type.application";
		};
		CC35CA111A7322D100627EA3 /* EpisodeCalendarTests */ = {
			isa = PBXNativeTarget;
			buildConfigurationList = CC35CA261A7322D100627EA3 /* Build configuration list for PBXNativeTarget "EpisodeCalendarTests" */;
			buildPhases = (
				CC35CA0E1A7322D100627EA3 /* Sources */,
				CC35CA0F1A7322D100627EA3 /* Frameworks */,
				CC35CA101A7322D100627EA3 /* Resources */,
			);
			buildRules = (
			);
			dependencies = (
				CC35CA181A7322D100627EA3 /* PBXTargetDependency */,
			);
			name = EpisodeCalendarTests;
			productName = EpisodeCalendarTests;
			productReference = CC35CA121A7322D100627EA3 /* EpisodeCalendarTests.xctest */;
			productType = "com.apple.product-type.bundle.unit-test";
		};
/* End PBXNativeTarget section */

/* Begin PBXProject section */
		CC35C9E61A7322D100627EA3 /* Project object */ = {
			isa = PBXProject;
			attributes = {
				LastUpgradeCheck = 0510;
				ORGANIZATIONNAME = Rachel;
				TargetAttributes = {
					CC35CA111A7322D100627EA3 = {
						TestTargetID = CC35C9ED1A7322D100627EA3;
					};
				};
			};
			buildConfigurationList = CC35C9E91A7322D100627EA3 /* Build configuration list for PBXProject "EpisodeCalendar" */;
			compatibilityVersion = "Xcode 3.2";
			developmentRegion = English;
			hasScannedForEncodings = 0;
			knownRegions = (
				en,
				Base,
			);
			mainGroup = CC35C9E51A7322D100627EA3;
			productRefGroup = CC35C9EF1A7322D100627EA3 /* Products */;
			projectDirPath = "";
			projectRoot = "";
			targets = (
				CC35C9ED1A7322D100627EA3 /* EpisodeCalendar */,
				CC35CA111A7322D100627EA3 /* EpisodeCalendarTests */,
			);
		};
/* End PBXProject section */

/* Begin PBXResourcesBuildPhase section */
		CC35C9EC1A7322D100627EA3 /* Resources */ = {
			isa = PBXResourcesBuildPhase;
			buildActionMask = 2147483647;
			files = (
				CC35CA081A7322D100627EA3 /* Main_iPad.storyboard in Resources */,
				CC63AE251A7787F600F9B1AD /* rightArrow.png in Resources */,
				CC63AE231A7787EC00F9B1AD /* leftArrow.png in Resources */,
				CC35CA0D1A7322D100627EA3 /* Images.xcassets in Resources */,
				CC35CA051A7322D100627EA3 /* Main_iPhone.storyboard in Resources */,
				CC35C9FC1A7322D100627EA3 /* InfoPlist.strings in Resources */,
			);
			runOnlyForDeploymentPostprocessing = 0;
		};
		CC35CA101A7322D100627EA3 /* Resources */ = {
			isa = PBXResourcesBuildPhase;
			buildActionMask = 2147483647;
			files = (
				CC35CA1E1A7322D100627EA3 /* InfoPlist.strings in Resources */,
			);
			runOnlyForDeploymentPostprocessing = 0;
		};
/* End PBXResourcesBuildPhase section */

/* Begin PBXSourcesBuildPhase section */
		CC35C9EA1A7322D100627EA3 /* Sources */ = {
			isa = PBXSourcesBuildPhase;
			buildActionMask = 2147483647;
			files = (
				CC35CA021A7322D100627EA3 /* AppDelegate.m in Sources */,
				CC81F0A51A7EC739006DCA92 /* EpisodeDateUtility.m in Sources */,
				CC81F09F1A7EC68D006DCA92 /* EpisodeViewController.m in Sources */,
				CCC486271A74312800C6CEC2 /* Episode.m in Sources */,
				CC0CBE3F1A7F589A00E7236D /* EpisodeTableViewCell.m in Sources */,
				CC77C8521A79760600FF5575 /* CalendarDayCell.m in Sources */,
				CC63AE1F1A7785A000F9B1AD /* EpisodeCalendarViewController.m in Sources */,
				CCAFF5DC1A7585C70093936D /* EpisodeListViewController.m in Sources */,
				CC35C9FE1A7322D100627EA3 /* main.m in Sources */,
				CC81F0AF1A7EDB2B006DCA92 /* EpisodeManager.m in Sources */,
				CC0CBE3C1A7F52CF00E7236D /* SeasonViewController.m in Sources */,
			);
			runOnlyForDeploymentPostprocessing = 0;
		};
		CC35CA0E1A7322D100627EA3 /* Sources */ = {
			isa = PBXSourcesBuildPhase;
			buildActionMask = 2147483647;
			files = (
				CC35CA201A7322D100627EA3 /* EpisodeCalendarTests.m in Sources */,
			);
			runOnlyForDeploymentPostprocessing = 0;
		};
/* End PBXSourcesBuildPhase section */

/* Begin PBXTargetDependency section */
		CC35CA181A7322D100627EA3 /* PBXTargetDependency */ = {
			isa = PBXTargetDependency;
			target = CC35C9ED1A7322D100627EA3 /* EpisodeCalendar */;
			targetProxy = CC35CA171A7322D100627EA3 /* PBXContainerItemProxy */;
		};
/* End PBXTargetDependency section */

/* Begin PBXVariantGroup section */
		CC35C9FA1A7322D100627EA3 /* InfoPlist.strings */ = {
			isa = PBXVariantGroup;
			children = (
				CC35C9FB1A7322D100627EA3 /* en */,
			);
			name = InfoPlist.strings;
			sourceTree = "<group>";
		};
		CC35CA031A7322D100627EA3 /* Main_iPhone.storyboard */ = {
			isa = PBXVariantGroup;
			children = (
				CC35CA041A7322D100627EA3 /* Base */,
			);
			name = Main_iPhone.storyboard;
			sourceTree = "<group>";
		};
		CC35CA061A7322D100627EA3 /* Main_iPad.storyboard */ = {
			isa = PBXVariantGroup;
			children = (
				CC35CA071A7322D100627EA3 /* Base */,
			);
			name = Main_iPad.storyboard;
			sourceTree = "<group>";
		};
		CC35CA1C1A7322D100627EA3 /* InfoPlist.strings */ = {
			isa = PBXVariantGroup;
			children = (
				CC35CA1D1A7322D100627EA3 /* en */,
			);
			name = InfoPlist.strings;
			sourceTree = "<group>";
		};
/* End PBXVariantGroup section */

/* Begin XCBuildConfiguration section */
		CC35CA211A7322D100627EA3 /* Debug */ = {
			isa = XCBuildConfiguration;
			buildSettings = {
				ALWAYS_SEARCH_USER_PATHS = NO;
				CLANG_CXX_LANGUAGE_STANDARD = "gnu++0x";
				CLANG_CXX_LIBRARY = "libc++";
				CLANG_ENABLE_MODULES = YES;
				CLANG_ENABLE_OBJC_ARC = YES;
				CLANG_WARN_BOOL_CONVERSION = YES;
				CLANG_WARN_CONSTANT_CONVERSION = YES;
				CLANG_WARN_DIRECT_OBJC_ISA_USAGE = YES_ERROR;
				CLANG_WARN_EMPTY_BODY = YES;
				CLANG_WARN_ENUM_CONVERSION = YES;
				CLANG_WARN_INT_CONVERSION = YES;
				CLANG_WARN_OBJC_ROOT_CLASS = YES_ERROR;
				CLANG_WARN__DUPLICATE_METHOD_MATCH = YES;
				"CODE_SIGN_IDENTITY[sdk=iphoneos*]" = "iPhone Developer";
				COPY_PHASE_STRIP = NO;
				GCC_C_LANGUAGE_STANDARD = gnu99;
				GCC_DYNAMIC_NO_PIC = NO;
				GCC_OPTIMIZATION_LEVEL = 0;
				GCC_PREPROCESSOR_DEFINITIONS = (
					"DEBUG=1",
					"$(inherited)",
				);
				GCC_SYMBOLS_PRIVATE_EXTERN = NO;
				GCC_WARN_64_TO_32_BIT_CONVERSION = YES;
				GCC_WARN_ABOUT_RETURN_TYPE = YES_ERROR;
				GCC_WARN_UNDECLARED_SELECTOR = YES;
				GCC_WARN_UNINITIALIZED_AUTOS = YES_AGGRESSIVE;
				GCC_WARN_UNUSED_FUNCTION = YES;
				GCC_WARN_UNUSED_VARIABLE = YES;
				IPHONEOS_DEPLOYMENT_TARGET = 7.1;
				ONLY_ACTIVE_ARCH = YES;
				SDKROOT = iphoneos;
				TARGETED_DEVICE_FAMILY = "1,2";
			};
			name = Debug;
		};
		CC35CA221A7322D100627EA3 /* Release */ = {
			isa = XCBuildConfiguration;
			buildSettings = {
				ALWAYS_SEARCH_USER_PATHS = NO;
				CLANG_CXX_LANGUAGE_STANDARD = "gnu++0x";
				CLANG_CXX_LIBRARY = "libc++";
				CLANG_ENABLE_MODULES = YES;
				CLANG_ENABLE_OBJC_ARC = YES;
				CLANG_WARN_BOOL_CONVERSION = YES;
				CLANG_WARN_CONSTANT_CONVERSION = YES;
				CLANG_WARN_DIRECT_OBJC_ISA_USAGE = YES_ERROR;
				CLANG_WARN_EMPTY_BODY = YES;
				CLANG_WARN_ENUM_CONVERSION = YES;
				CLANG_WARN_INT_CONVERSION = YES;
				CLANG_WARN_OBJC_ROOT_CLASS = YES_ERROR;
				CLANG_WARN__DUPLICATE_METHOD_MATCH = YES;
				"CODE_SIGN_IDENTITY[sdk=iphoneos*]" = "iPhone Developer";
				COPY_PHASE_STRIP = YES;
				ENABLE_NS_ASSERTIONS = NO;
				GCC_C_LANGUAGE_STANDARD = gnu99;
				GCC_WARN_64_TO_32_BIT_CONVERSION = YES;
				GCC_WARN_ABOUT_RETURN_TYPE = YES_ERROR;
				GCC_WARN_UNDECLARED_SELECTOR = YES;
				GCC_WARN_UNINITIALIZED_AUTOS = YES_AGGRESSIVE;
				GCC_WARN_UNUSED_FUNCTION = YES;
				GCC_WARN_UNUSED_VARIABLE = YES;
				IPHONEOS_DEPLOYMENT_TARGET = 7.1;
				SDKROOT = iphoneos;
				TARGETED_DEVICE_FAMILY = "1,2";
				VALIDATE_PRODUCT = YES;
			};
			name = Release;
		};
		CC35CA241A7322D100627EA3 /* Debug */ = {
			isa = XCBuildConfiguration;
			buildSettings = {
				ASSETCATALOG_COMPILER_APPICON_NAME = AppIcon;
				ASSETCATALOG_COMPILER_LAUNCHIMAGE_NAME = LaunchImage;
				GCC_PRECOMPILE_PREFIX_HEADER = YES;
				GCC_PREFIX_HEADER = "EpisodeCalendar/EpisodeCalendar-Prefix.pch";
				INFOPLIST_FILE = "EpisodeCalendar/EpisodeCalendar-Info.plist";
				PRODUCT_NAME = "$(TARGET_NAME)";
				WRAPPER_EXTENSION = app;
			};
			name = Debug;
		};
		CC35CA251A7322D100627EA3 /* Release */ = {
			isa = XCBuildConfiguration;
			buildSettings = {
				ASSETCATALOG_COMPILER_APPICON_NAME = AppIcon;
				ASSETCATALOG_COMPILER_LAUNCHIMAGE_NAME = LaunchImage;
				GCC_PRECOMPILE_PREFIX_HEADER = YES;
				GCC_PREFIX_HEADER = "EpisodeCalendar/EpisodeCalendar-Prefix.pch";
				INFOPLIST_FILE = "EpisodeCalendar/EpisodeCalendar-Info.plist";
				PRODUCT_NAME = "$(TARGET_NAME)";
				WRAPPER_EXTENSION = app;
			};
			name = Release;
		};
		CC35CA271A7322D100627EA3 /* Debug */ = {
			isa = XCBuildConfiguration;
			buildSettings = {
				BUNDLE_LOADER = "$(BUILT_PRODUCTS_DIR)/EpisodeCalendar.app/EpisodeCalendar";
				FRAMEWORK_SEARCH_PATHS = (
					"$(SDKROOT)/Developer/Library/Frameworks",
					"$(inherited)",
					"$(DEVELOPER_FRAMEWORKS_DIR)",
				);
				GCC_PRECOMPILE_PREFIX_HEADER = YES;
				GCC_PREFIX_HEADER = "EpisodeCalendar/EpisodeCalendar-Prefix.pch";
				GCC_PREPROCESSOR_DEFINITIONS = (
					"DEBUG=1",
					"$(inherited)",
				);
				INFOPLIST_FILE = "EpisodeCalendarTests/EpisodeCalendarTests-Info.plist";
				PRODUCT_NAME = "$(TARGET_NAME)";
				TEST_HOST = "$(BUNDLE_LOADER)";
				WRAPPER_EXTENSION = xctest;
			};
			name = Debug;
		};
		CC35CA281A7322D100627EA3 /* Release */ = {
			isa = XCBuildConfiguration;
			buildSettings = {
				BUNDLE_LOADER = "$(BUILT_PRODUCTS_DIR)/EpisodeCalendar.app/EpisodeCalendar";
				FRAMEWORK_SEARCH_PATHS = (
					"$(SDKROOT)/Developer/Library/Frameworks",
					"$(inherited)",
					"$(DEVELOPER_FRAMEWORKS_DIR)",
				);
				GCC_PRECOMPILE_PREFIX_HEADER = YES;
				GCC_PREFIX_HEADER = "EpisodeCalendar/EpisodeCalendar-Prefix.pch";
				INFOPLIST_FILE = "EpisodeCalendarTests/EpisodeCalendarTests-Info.plist";
				PRODUCT_NAME = "$(TARGET_NAME)";
				TEST_HOST = "$(BUNDLE_LOADER)";
				WRAPPER_EXTENSION = xctest;
			};
			name = Release;
		};
/* End XCBuildConfiguration section */

/* Begin XCConfigurationList section */
		CC35C9E91A7322D100627EA3 /* Build configuration list for PBXProject "EpisodeCalendar" */ = {
			isa = XCConfigurationList;
			buildConfigurations = (
				CC35CA211A7322D100627EA3 /* Debug */,
				CC35CA221A7322D100627EA3 /* Release */,
			);
			defaultConfigurationIsVisible = 0;
			defaultConfigurationName = Release;
		};
		CC35CA231A7322D100627EA3 /* Build configuration list for PBXNativeTarget "EpisodeCalendar" */ = {
			isa = XCConfigurationList;
			buildConfigurations = (
				CC35CA241A7322D100627EA3 /* Debug */,
				CC35CA251A7322D100627EA3 /* Release */,
			);
			defaultConfigurationIsVisible = 0;
			defaultConfigurationName = Release;
		};
		CC35CA261A7322D100627EA3 /* Build configuration list for PBXNativeTarget "EpisodeCalendarTests" */ = {
			isa = XCConfigurationList;
			buildConfigurations = (
				CC35CA271A7322D100627EA3 /* Debug */,
				CC35CA281A7322D100627EA3 /* Release */,
			);
			defaultConfigurationIsVisible = 0;
			defaultConfigurationName = Release;
		};
/* End XCConfigurationList section */
	};
	rootObject = CC35C9E61A7322D100627EA3 /* Project object */;
}
